
Microsoft Visual Studio Solution File, Format Version 12.00
# Visual Studio Version 17
VisualStudioVersion = 17.9.34622.214
MinimumVisualStudioVersion = 10.0.40219.1
Project("{9A19103F-16F7-4668-BE54-9A1E7A4F7556}") = "CardsAPI", "CardsAPI\CardsAPI.csproj", "{51D7CDBE-5566-4B6F-9030-B189A3737A2A}"
EndProject
Project("{2150E333-8FDC-42A3-9474-1A3956D46DE8}") = "Core", "Core", "{63E27718-6FD8-47E4-9410-768ED5AEBDA7}"
EndProject
Project("{9A19103F-16F7-4668-BE54-9A1E7A4F7556}") = "Domain", "Domain\Domain.csproj", "{2698E662-A78C-414C-83D2-F6F65A70E599}"
EndProject
Project("{2150E333-8FDC-42A3-9474-1A3956D46DE8}") = "Persistence", "Persistence", "{6F3D3959-A656-4721-ADDB-98912ABFF091}"
EndProject
Project("{9A19103F-16F7-4668-BE54-9A1E7A4F7556}") = "Data", "Data\Data.csproj", "{144552AE-40F2-4CE1-968F-05B9C4975021}"
EndProject
Project("{2150E333-8FDC-42A3-9474-1A3956D46DE8}") = "Application", "Application", "{8813F49F-E6F4-40F2-927D-0411B9EDD682}"
EndProject
Project("{9A19103F-16F7-4668-BE54-9A1E7A4F7556}") = "Business", "Business\Business.csproj", "{E0982D56-7E06-4FC5-841D-6316412D4CEE}"
EndProject
Project("{9A19103F-16F7-4668-BE54-9A1E7A4F7556}") = "PurchaseAPI", "PurchaseAPI\PurchaseAPI.csproj", "{474C9FCB-A699-4A39-92CC-1F7DAB8EB73F}"
EndProject
Project("{9A19103F-16F7-4668-BE54-9A1E7A4F7556}") = "Debts.API", "Debts.API\Debts.API.csproj", "{11095A84-CFDD-4436-8B53-D84EB38BCF5C}"
EndProject
Project("{FAE04EC0-301F-11D3-BF4B-00C04F79EFBC}") = "Integrations", "Integrations\Integrations.csproj", "{E13224A7-4044-4AFB-9FA0-658B42CE44FB}"
EndProject
Global
	GlobalSection(SolutionConfigurationPlatforms) = preSolution
		Debug|Any CPU = Debug|Any CPU
		Release|Any CPU = Release|Any CPU
	EndGlobalSection
	GlobalSection(ProjectConfigurationPlatforms) = postSolution
		{51D7CDBE-5566-4B6F-9030-B189A3737A2A}.Debug|Any CPU.ActiveCfg = Debug|Any CPU
		{51D7CDBE-5566-4B6F-9030-B189A3737A2A}.Debug|Any CPU.Build.0 = Debug|Any CPU
		{51D7CDBE-5566-4B6F-9030-B189A3737A2A}.Release|Any CPU.ActiveCfg = Release|Any CPU
		{51D7CDBE-5566-4B6F-9030-B189A3737A2A}.Release|Any CPU.Build.0 = Release|Any CPU
		{2698E662-A78C-414C-83D2-F6F65A70E599}.Debug|Any CPU.ActiveCfg = Debug|Any CPU
		{2698E662-A78C-414C-83D2-F6F65A70E599}.Debug|Any CPU.Build.0 = Debug|Any CPU
		{2698E662-A78C-414C-83D2-F6F65A70E599}.Release|Any CPU.ActiveCfg = Release|Any CPU
		{2698E662-A78C-414C-83D2-F6F65A70E599}.Release|Any CPU.Build.0 = Release|Any CPU
		{144552AE-40F2-4CE1-968F-05B9C4975021}.Debug|Any CPU.ActiveCfg = Debug|Any CPU
		{144552AE-40F2-4CE1-968F-05B9C4975021}.Debug|Any CPU.Build.0 = Debug|Any CPU
		{144552AE-40F2-4CE1-968F-05B9C4975021}.Release|Any CPU.ActiveCfg = Release|Any CPU
		{144552AE-40F2-4CE1-968F-05B9C4975021}.Release|Any CPU.Build.0 = Release|Any CPU
		{E0982D56-7E06-4FC5-841D-6316412D4CEE}.Debug|Any CPU.ActiveCfg = Debug|Any CPU
		{E0982D56-7E06-4FC5-841D-6316412D4CEE}.Debug|Any CPU.Build.0 = Debug|Any CPU
		{E0982D56-7E06-4FC5-841D-6316412D4CEE}.Release|Any CPU.ActiveCfg = Release|Any CPU
		{E0982D56-7E06-4FC5-841D-6316412D4CEE}.Release|Any CPU.Build.0 = Release|Any CPU
		{474C9FCB-A699-4A39-92CC-1F7DAB8EB73F}.Debug|Any CPU.ActiveCfg = Debug|Any CPU
		{474C9FCB-A699-4A39-92CC-1F7DAB8EB73F}.Debug|Any CPU.Build.0 = Debug|Any CPU
		{474C9FCB-A699-4A39-92CC-1F7DAB8EB73F}.Release|Any CPU.ActiveCfg = Release|Any CPU
		{474C9FCB-A699-4A39-92CC-1F7DAB8EB73F}.Release|Any CPU.Build.0 = Release|Any CPU
		{11095A84-CFDD-4436-8B53-D84EB38BCF5C}.Debug|Any CPU.ActiveCfg = Debug|Any CPU
		{11095A84-CFDD-4436-8B53-D84EB38BCF5C}.Debug|Any CPU.Build.0 = Debug|Any CPU
		{11095A84-CFDD-4436-8B53-D84EB38BCF5C}.Release|Any CPU.ActiveCfg = Release|Any CPU
		{11095A84-CFDD-4436-8B53-D84EB38BCF5C}.Release|Any CPU.Build.0 = Release|Any CPU
		{E13224A7-4044-4AFB-9FA0-658B42CE44FB}.Debug|Any CPU.ActiveCfg = Debug|Any CPU
		{E13224A7-4044-4AFB-9FA0-658B42CE44FB}.Debug|Any CPU.Build.0 = Debug|Any CPU
		{E13224A7-4044-4AFB-9FA0-658B42CE44FB}.Release|Any CPU.ActiveCfg = Release|Any CPU
		{E13224A7-4044-4AFB-9FA0-658B42CE44FB}.Release|Any CPU.Build.0 = Release|Any CPU
	EndGlobalSection
	GlobalSection(SolutionProperties) = preSolution
		HideSolutionNode = FALSE
	EndGlobalSection
	GlobalSection(NestedProjects) = preSolution
		{2698E662-A78C-414C-83D2-F6F65A70E599} = {63E27718-6FD8-47E4-9410-768ED5AEBDA7}
		{144552AE-40F2-4CE1-968F-05B9C4975021} = {6F3D3959-A656-4721-ADDB-98912ABFF091}
		{E0982D56-7E06-4FC5-841D-6316412D4CEE} = {8813F49F-E6F4-40F2-927D-0411B9EDD682}
		{E13224A7-4044-4AFB-9FA0-658B42CE44FB} = {8813F49F-E6F4-40F2-927D-0411B9EDD682}
	EndGlobalSection
	GlobalSection(ExtensibilityGlobals) = postSolution
		SolutionGuid = {0FF78B20-513D-4D68-89FB-6014ADC69BBB}
	EndGlobalSection
EndGlobal
